# THIS IS AN AUTOGENERATED FILE. DO NOT EDIT THIS FILE DIRECTLY.
# yarn lockfile v1


glhd-tailwindcss-transitions@^0.3.0:
  version "0.3.0"
  resolved "https://registry.yarnpkg.com/glhd-tailwindcss-transitions/-/glhd-tailwindcss-transitions-0.3.0.tgz#9c32e35ba3a11a2d666caa559a1860e61674bcaf"
  integrity sha512-dbPtRRj1q/ChkysW8Hq6UC2l9ETV7cc7ZFhUAKnA8vPny+jdrAQnnpRA+3QIs3LaMXCaobw4wjwO8X6dgP2BTA==
